
Microsoft Visual Studio Solution File, Format Version 12.00
Project("{FAE04EC0-301F-11D3-BF4B-00C04F79EFBC}") = "CSharp", "CSharp.csproj", "{C078A71A-80AC-4CD3-B13E-AB737CB64ADD}"
EndProject
Global
	GlobalSection(SolutionConfigurationPlatforms) = preSolution
		Debug|Any CPU = Debug|Any CPU
		Release|Any CPU = Release|Any CPU
	EndGlobalSection
	GlobalSection(ProjectConfigurationPlatforms) = postSolution
		{C078A71A-80AC-4CD3-B13E-AB737CB64ADD}.Debug|Any CPU.ActiveCfg = Debug|Any CPU
		{C078A71A-80AC-4CD3-B13E-AB737CB64ADD}.Debug|Any CPU.Build.0 = Debug|Any CPU
		{C078A71A-80AC-4CD3-B13E-AB737CB64ADD}.Release|Any CPU.ActiveCfg = Release|Any CPU
		{C078A71A-80AC-4CD3-B13E-AB737CB64ADD}.Release|Any CPU.Build.0 = Release|Any CPU
	EndGlobalSection
EndGlobal
